// !$*UTF8*$!
{
	archiveVersion = 1;
	classes = {
	};
	objectVersion = 77;
	objects = {

/* Begin PBXBuildFile section */
		050FDB14CAD5594A5BE6B738 /* ScoreStoreTests.swift in Sources */ = {isa = PBXBuildFile; fileRef = 89DDB72C4C3BA95A7169C21C /* ScoreStoreTests.swift */; };
		098B490462B8B618369FE64F /* ThemeManagerTests.swift in Sources */ = {isa = PBXBuildFile; fileRef = 451B2A0D88C817E977B105EF /* ThemeManagerTests.swift */; };
		0C98568902F76FF04073665E /* RadioServiceTests.swift in Sources */ = {isa = PBXBuildFile; fileRef = 39B301AF10DF723381D6AB73 /* RadioServiceTests.swift */; };
		0CB7DB73C8D970B443D0D11E /* GreekGrade.swift in Sources */ = {isa = PBXBuildFile; fileRef = 8DE5EB4351D5382CEEB6921F /* GreekGrade.swift */; };
		101081C31C05E0110D486B06 /* SongIdentity.swift in Sources */ = {isa = PBXBuildFile; fileRef = 2D3DCFA78005B19B5C45805C /* SongIdentity.swift */; };
		1464DE2D83D4BE8A25E06448 /* tinyPLAYER.xcdatamodeld in Sources */ = {isa = PBXBuildFile; fileRef = 856968B170E1D220A7F81945 /* tinyPLAYER.xcdatamodeld */; };
		1869965067A85955379EB184 /* WindowMode.swift in Sources */ = {isa = PBXBuildFile; fileRef = 2AEC589D8DC2704DB0819B80 /* WindowMode.swift */; };
		197A671DD8C0C2BFC69AFF83 /* MusicServiceProtocol.swift in Sources */ = {isa = PBXBuildFile; fileRef = F02EF0D9C37758F12E136192 /* MusicServiceProtocol.swift */; };
		20021C03B87EB096D211DFD9 /* ScoreStore.swift in Sources */ = {isa = PBXBuildFile; fileRef = F33DDD7AAD078502C466A406 /* ScoreStore.swift */; };
		287FD6513BA81DC29B2A9D8B /* SettingsDrawer.swift in Sources */ = {isa = PBXBuildFile; fileRef = 1B653E5959577FDBD8CA06E5 /* SettingsDrawer.swift */; };
		2FB9A2DE7BBC45868F4692CF /* AppleScriptBridge.swift in Sources */ = {isa = PBXBuildFile; fileRef = 14BD1B5101C33491E8E9F0FE /* AppleScriptBridge.swift */; };
		3A320766DBB353DD35862A73 /* WindowManager.swift in Sources */ = {isa = PBXBuildFile; fileRef = FF21A0BDB0EA0B443A55AD4E /* WindowManager.swift */; };
		3F59583FE38A9E61BC685DF5 /* SharingService.swift in Sources */ = {isa = PBXBuildFile; fileRef = 1851DBC88313C4E078D2C725 /* SharingService.swift */; };
		3F82573AF55D8D3EB58EB758 /* MockMusicServiceTests.swift in Sources */ = {isa = PBXBuildFile; fileRef = A6D9B2E09D21F911CF057496 /* MockMusicServiceTests.swift */; };
		4F7B6496D4A61ADCAEFB649B /* tinyPLAYERApp.swift in Sources */ = {isa = PBXBuildFile; fileRef = B15C1BEA94CDCC85ACA3AFC5 /* tinyPLAYERApp.swift */; };
		55941B1F3399DDB71A07C1C5 /* RadioService.swift in Sources */ = {isa = PBXBuildFile; fileRef = DA0AD9E47D1CB22A16A1511F /* RadioService.swift */; };
		6525B91FA7C752C18EC6ECB8 /* FloatingPanel.swift in Sources */ = {isa = PBXBuildFile; fileRef = D3CC93A22EAF7D9FE7067264 /* FloatingPanel.swift */; };
		670369ADEEE6BF5FFC031463 /* TrackInfoView.swift in Sources */ = {isa = PBXBuildFile; fileRef = 07B1910C5EDC540EBCC40288 /* TrackInfoView.swift */; };
		692609796E35BC55ABAA6F0C /* Color+Hex.swift in Sources */ = {isa = PBXBuildFile; fileRef = B2CBC91E93D77833EA29FBF4 /* Color+Hex.swift */; };
		6B4C68F58FBB0014727CC0A3 /* WindowManagerTests.swift in Sources */ = {isa = PBXBuildFile; fileRef = 7E1AC2A443B09DE8A857B242 /* WindowManagerTests.swift */; };
		7374931C8B8E86B676F94F9E /* MusicService.swift in Sources */ = {isa = PBXBuildFile; fileRef = B359C33C2429E2F7A19EAB16 /* MusicService.swift */; };
		745E052B06E311FB95CF498F /* ThemeManager.swift in Sources */ = {isa = PBXBuildFile; fileRef = ECAA6197DC759F12DC3B00B5 /* ThemeManager.swift */; };
		77EFA25F48FF83DB0BCF0018 /* ColorHexTests.swift in Sources */ = {isa = PBXBuildFile; fileRef = E3A3AF132A25F0FA547D6D77 /* ColorHexTests.swift */; };
		7B4F2B170ED315CE8471DEC0 /* ActionBarView.swift in Sources */ = {isa = PBXBuildFile; fileRef = 4AB029EABEE1AA15245C13A1 /* ActionBarView.swift */; };
		8C3B3100C0C806C4784F9CC3 /* ControlsView.swift in Sources */ = {isa = PBXBuildFile; fileRef = CBB7091E3C895578DD240382 /* ControlsView.swift */; };
		93050F2F9F61D736A158A3DC /* tinyPLAYERTests.swift in Sources */ = {isa = PBXBuildFile; fileRef = 1EE86678DA3A414B6F95A744 /* tinyPLAYERTests.swift */; };
		93CB9B8C0DA5103C2DA782A6 /* ActionBarViewTests.swift in Sources */ = {isa = PBXBuildFile; fileRef = 7E83202DD54B2DCA2DC50C8D /* ActionBarViewTests.swift */; };
		9E6B2824498BAAC5117E306E /* AppleScriptBridgeTests.swift in Sources */ = {isa = PBXBuildFile; fileRef = 7CFEAFCC36A1096726FA96D1 /* AppleScriptBridgeTests.swift */; };
		A4218F2D57AE032653F0F06D /* ScoreBrowserViewTests.swift in Sources */ = {isa = PBXBuildFile; fileRef = 53AEFBEDB5A74FF08817010F /* ScoreBrowserViewTests.swift */; };
		AE29277FA7CEF2AB28A70D61 /* MockMusicService.swift in Sources */ = {isa = PBXBuildFile; fileRef = 62A352F433BB9B8853A6BD5F /* MockMusicService.swift */; };
		AEC9B4698F4171AE9D724BF2 /* SharingServiceTests.swift in Sources */ = {isa = PBXBuildFile; fileRef = 78FF3160A712AF27AD162222 /* SharingServiceTests.swift */; };
		B3DA0E5BC160AF2CEE126F9D /* ControlsViewTests.swift in Sources */ = {isa = PBXBuildFile; fileRef = E13C433F53EA6CF4105B8B65 /* ControlsViewTests.swift */; };
		C40CF44D7B68EBF2C6845AA9 /* GreekGradeTests.swift in Sources */ = {isa = PBXBuildFile; fileRef = C18E1BE12124E11DFB82C2B7 /* GreekGradeTests.swift */; };
		CDBF6610A9EED4BC4ADFEAEE /* ScoreBrowserView.swift in Sources */ = {isa = PBXBuildFile; fileRef = 66A0B3E161769F14410FC54F /* ScoreBrowserView.swift */; };
		CFF4C7AC26B212FD73C03455 /* AppTheme.swift in Sources */ = {isa = PBXBuildFile; fileRef = 7C8F27D400F2C63E27B13833 /* AppTheme.swift */; };
		E7D9FE543A59C511D37B6C93 /* Palettes.swift in Sources */ = {isa = PBXBuildFile; fileRef = E4A0E2CF894F7BC2786114D3 /* Palettes.swift */; };
		FC15738B8BE97CD18F11C764 /* ArtworkView.swift in Sources */ = {isa = PBXBuildFile; fileRef = 8C88D86E33A3DFE89A485C04 /* ArtworkView.swift */; };
/* End PBXBuildFile section */

/* Begin PBXContainerItemProxy section */
		D25EA46C8956250D18DBEB06 /* PBXContainerItemProxy */ = {
			isa = PBXContainerItemProxy;
			containerPortal = 422ED470465EF17B72D02D65 /* Project object */;
			proxyType = 1;
			remoteGlobalIDString = 1C0C4AF8CC1C253883451085;
			remoteInfo = tinyPLAYER;
		};
/* End PBXContainerItemProxy section */

/* Begin PBXFileReference section */
		07B1910C5EDC540EBCC40288 /* TrackInfoView.swift */ = {isa = PBXFileReference; lastKnownFileType = sourcecode.swift; path = TrackInfoView.swift; sourceTree = "<group>"; };
		14BD1B5101C33491E8E9F0FE /* AppleScriptBridge.swift */ = {isa = PBXFileReference; lastKnownFileType = sourcecode.swift; path = AppleScriptBridge.swift; sourceTree = "<group>"; };
		1851DBC88313C4E078D2C725 /* SharingService.swift */ = {isa = PBXFileReference; lastKnownFileType = sourcecode.swift; path = SharingService.swift; sourceTree = "<group>"; };
		1B653E5959577FDBD8CA06E5 /* SettingsDrawer.swift */ = {isa = PBXFileReference; lastKnownFileType = sourcecode.swift; path = SettingsDrawer.swift; sourceTree = "<group>"; };
		1EE86678DA3A414B6F95A744 /* tinyPLAYERTests.swift */ = {isa = PBXFileReference; lastKnownFileType = sourcecode.swift; path = tinyPLAYERTests.swift; sourceTree = "<group>"; };
		2AEC589D8DC2704DB0819B80 /* WindowMode.swift */ = {isa = PBXFileReference; lastKnownFileType = sourcecode.swift; path = WindowMode.swift; sourceTree = "<group>"; };
		2D3DCFA78005B19B5C45805C /* SongIdentity.swift */ = {isa = PBXFileReference; lastKnownFileType = sourcecode.swift; path = SongIdentity.swift; sourceTree = "<group>"; };
		32C69D800C3E306B02C19150 /* Info.plist */ = {isa = PBXFileReference; lastKnownFileType = text.plist; path = Info.plist; sourceTree = "<group>"; };
		39B301AF10DF723381D6AB73 /* RadioServiceTests.swift */ = {isa = PBXFileReference; lastKnownFileType = sourcecode.swift; path = RadioServiceTests.swift; sourceTree = "<group>"; };
		451B2A0D88C817E977B105EF /* ThemeManagerTests.swift */ = {isa = PBXFileReference; lastKnownFileType = sourcecode.swift; path = ThemeManagerTests.swift; sourceTree = "<group>"; };
		4AB029EABEE1AA15245C13A1 /* ActionBarView.swift */ = {isa = PBXFileReference; lastKnownFileType = sourcecode.swift; path = ActionBarView.swift; sourceTree = "<group>"; };
		53AEFBEDB5A74FF08817010F /* ScoreBrowserViewTests.swift */ = {isa = PBXFileReference; lastKnownFileType = sourcecode.swift; path = ScoreBrowserViewTests.swift; sourceTree = "<group>"; };
		62A352F433BB9B8853A6BD5F /* MockMusicService.swift */ = {isa = PBXFileReference; lastKnownFileType = sourcecode.swift; path = MockMusicService.swift; sourceTree = "<group>"; };
		66A0B3E161769F14410FC54F /* ScoreBrowserView.swift */ = {isa = PBXFileReference; lastKnownFileType = sourcecode.swift; path = ScoreBrowserView.swift; sourceTree = "<group>"; };
		78FF3160A712AF27AD162222 /* SharingServiceTests.swift */ = {isa = PBXFileReference; lastKnownFileType = sourcecode.swift; path = SharingServiceTests.swift; sourceTree = "<group>"; };
		7A7018CED0506A8820A3B5AB /* tinyPLAYER.xcdatamodel */ = {isa = PBXFileReference; lastKnownFileType = wrapper.xcdatamodel; path = tinyPLAYER.xcdatamodel; sourceTree = "<group>"; };
		7C8F27D400F2C63E27B13833 /* AppTheme.swift */ = {isa = PBXFileReference; lastKnownFileType = sourcecode.swift; path = AppTheme.swift; sourceTree = "<group>"; };
		7CFEAFCC36A1096726FA96D1 /* AppleScriptBridgeTests.swift */ = {isa = PBXFileReference; lastKnownFileType = sourcecode.swift; path = AppleScriptBridgeTests.swift; sourceTree = "<group>"; };
		7E1AC2A443B09DE8A857B242 /* WindowManagerTests.swift */ = {isa = PBXFileReference; lastKnownFileType = sourcecode.swift; path = WindowManagerTests.swift; sourceTree = "<group>"; };
		7E83202DD54B2DCA2DC50C8D /* ActionBarViewTests.swift */ = {isa = PBXFileReference; lastKnownFileType = sourcecode.swift; path = ActionBarViewTests.swift; sourceTree = "<group>"; };
		89DDB72C4C3BA95A7169C21C /* ScoreStoreTests.swift */ = {isa = PBXFileReference; lastKnownFileType = sourcecode.swift; path = ScoreStoreTests.swift; sourceTree = "<group>"; };
		8C88D86E33A3DFE89A485C04 /* ArtworkView.swift */ = {isa = PBXFileReference; lastKnownFileType = sourcecode.swift; path = ArtworkView.swift; sourceTree = "<group>"; };
		8DE5EB4351D5382CEEB6921F /* GreekGrade.swift */ = {isa = PBXFileReference; lastKnownFileType = sourcecode.swift; path = GreekGrade.swift; sourceTree = "<group>"; };
		A6D9B2E09D21F911CF057496 /* MockMusicServiceTests.swift */ = {isa = PBXFileReference; lastKnownFileType = sourcecode.swift; path = MockMusicServiceTests.swift; sourceTree = "<group>"; };
		A8BC033F398381814432C3F6 /* tinyPLAYER.app */ = {isa = PBXFileReference; explicitFileType = wrapper.application; includeInIndex = 0; path = tinyPLAYER.app; sourceTree = BUILT_PRODUCTS_DIR; };
		B15C1BEA94CDCC85ACA3AFC5 /* tinyPLAYERApp.swift */ = {isa = PBXFileReference; lastKnownFileType = sourcecode.swift; path = tinyPLAYERApp.swift; sourceTree = "<group>"; };
		B2CBC91E93D77833EA29FBF4 /* Color+Hex.swift */ = {isa = PBXFileReference; lastKnownFileType = sourcecode.swift; path = "Color+Hex.swift"; sourceTree = "<group>"; };
		B359C33C2429E2F7A19EAB16 /* MusicService.swift */ = {isa = PBXFileReference; lastKnownFileType = sourcecode.swift; path = MusicService.swift; sourceTree = "<group>"; };
		C18E1BE12124E11DFB82C2B7 /* GreekGradeTests.swift */ = {isa = PBXFileReference; lastKnownFileType = sourcecode.swift; path = GreekGradeTests.swift; sourceTree = "<group>"; };
		C79B423769EE9A91B95F7FD5 /* tinyPLAYERTests.xctest */ = {isa = PBXFileReference; explicitFileType = wrapper.cfbundle; includeInIndex = 0; path = tinyPLAYERTests.xctest; sourceTree = BUILT_PRODUCTS_DIR; };
		CBB7091E3C895578DD240382 /* ControlsView.swift */ = {isa = PBXFileReference; lastKnownFileType = sourcecode.swift; path = ControlsView.swift; sourceTree = "<group>"; };
		D3CC93A22EAF7D9FE7067264 /* FloatingPanel.swift */ = {isa = PBXFileReference; lastKnownFileType = sourcecode.swift; path = FloatingPanel.swift; sourceTree = "<group>"; };
		DA0AD9E47D1CB22A16A1511F /* RadioService.swift */ = {isa = PBXFileReference; lastKnownFileType = sourcecode.swift; path = RadioService.swift; sourceTree = "<group>"; };
		E13C433F53EA6CF4105B8B65 /* ControlsViewTests.swift */ = {isa = PBXFileReference; lastKnownFileType = sourcecode.swift; path = ControlsViewTests.swift; sourceTree = "<group>"; };
		E3A3AF132A25F0FA547D6D77 /* ColorHexTests.swift */ = {isa = PBXFileReference; lastKnownFileType = sourcecode.swift; path = ColorHexTests.swift; sourceTree = "<group>"; };
		E4A0E2CF894F7BC2786114D3 /* Palettes.swift */ = {isa = PBXFileReference; lastKnownFileType = sourcecode.swift; path = Palettes.swift; sourceTree = "<group>"; };
		ECAA6197DC759F12DC3B00B5 /* ThemeManager.swift */ = {isa = PBXFileReference; lastKnownFileType = sourcecode.swift; path = ThemeManager.swift; sourceTree = "<group>"; };
		F02EF0D9C37758F12E136192 /* MusicServiceProtocol.swift */ = {isa = PBXFileReference; lastKnownFileType = sourcecode.swift; path = MusicServiceProtocol.swift; sourceTree = "<group>"; };
		F33DDD7AAD078502C466A406 /* ScoreStore.swift */ = {isa = PBXFileReference; lastKnownFileType = sourcecode.swift; path = ScoreStore.swift; sourceTree = "<group>"; };
		FF21A0BDB0EA0B443A55AD4E /* WindowManager.swift */ = {isa = PBXFileReference; lastKnownFileType = sourcecode.swift; path = WindowManager.swift; sourceTree = "<group>"; };
/* End PBXFileReference section */

/* Begin PBXGroup section */
		19BD087957228390C7A0C2C2 /* Shared */ = {
			isa = PBXGroup;
			children = (
				1851DBC88313C4E078D2C725 /* SharingService.swift */,
			);
			path = Shared;
			sourceTree = "<group>";
		};
		383A965060B08133BC70F2B7 /* Windows */ = {
			isa = PBXGroup;
			children = (
				D3CC93A22EAF7D9FE7067264 /* FloatingPanel.swift */,
				FF21A0BDB0EA0B443A55AD4E /* WindowManager.swift */,
				2AEC589D8DC2704DB0819B80 /* WindowMode.swift */,
			);
			path = Windows;
			sourceTree = "<group>";
		};
		4937A0328FC12BD1156017C0 /* tinyPLAYERTests */ = {
			isa = PBXGroup;
			children = (
				7E83202DD54B2DCA2DC50C8D /* ActionBarViewTests.swift */,
				7CFEAFCC36A1096726FA96D1 /* AppleScriptBridgeTests.swift */,
				E3A3AF132A25F0FA547D6D77 /* ColorHexTests.swift */,
				E13C433F53EA6CF4105B8B65 /* ControlsViewTests.swift */,
				C18E1BE12124E11DFB82C2B7 /* GreekGradeTests.swift */,
				62A352F433BB9B8853A6BD5F /* MockMusicService.swift */,
				A6D9B2E09D21F911CF057496 /* MockMusicServiceTests.swift */,
				39B301AF10DF723381D6AB73 /* RadioServiceTests.swift */,
				53AEFBEDB5A74FF08817010F /* ScoreBrowserViewTests.swift */,
				89DDB72C4C3BA95A7169C21C /* ScoreStoreTests.swift */,
				78FF3160A712AF27AD162222 /* SharingServiceTests.swift */,
				451B2A0D88C817E977B105EF /* ThemeManagerTests.swift */,
				1EE86678DA3A414B6F95A744 /* tinyPLAYERTests.swift */,
				7E1AC2A443B09DE8A857B242 /* WindowManagerTests.swift */,
			);
			path = tinyPLAYERTests;
			sourceTree = "<group>";
		};
		5D511FC87DF9B0C26B3F7746 = {
			isa = PBXGroup;
			children = (
				FF71ECC05B718AE7C7AB3156 /* tinyPLAYER */,
				4937A0328FC12BD1156017C0 /* tinyPLAYERTests */,
				5ECCD15E7F752EBD60A6B365 /* Products */,
			);
			sourceTree = "<group>";
		};
		5ECCD15E7F752EBD60A6B365 /* Products */ = {
			isa = PBXGroup;
			children = (
				A8BC033F398381814432C3F6 /* tinyPLAYER.app */,
				C79B423769EE9A91B95F7FD5 /* tinyPLAYERTests.xctest */,
			);
			name = Products;
			sourceTree = "<group>";
		};
		BA2964BC7133AB3F3E81B293 /* Theme */ = {
			isa = PBXGroup;
			children = (
				7C8F27D400F2C63E27B13833 /* AppTheme.swift */,
				B2CBC91E93D77833EA29FBF4 /* Color+Hex.swift */,
				E4A0E2CF894F7BC2786114D3 /* Palettes.swift */,
				ECAA6197DC759F12DC3B00B5 /* ThemeManager.swift */,
			);
			path = Theme;
			sourceTree = "<group>";
		};
		C681EAB3BF2F36C4FD961FBD /* Model */ = {
			isa = PBXGroup;
			children = (
				856968B170E1D220A7F81945 /* tinyPLAYER.xcdatamodeld */,
				8DE5EB4351D5382CEEB6921F /* GreekGrade.swift */,
				F33DDD7AAD078502C466A406 /* ScoreStore.swift */,
				2D3DCFA78005B19B5C45805C /* SongIdentity.swift */,
			);
			path = Model;
			sourceTree = "<group>";
		};
		D4AEC3E6F4056B7BB9D051C7 /* Services */ = {
			isa = PBXGroup;
			children = (
				14BD1B5101C33491E8E9F0FE /* AppleScriptBridge.swift */,
				B359C33C2429E2F7A19EAB16 /* MusicService.swift */,
				F02EF0D9C37758F12E136192 /* MusicServiceProtocol.swift */,
				DA0AD9E47D1CB22A16A1511F /* RadioService.swift */,
			);
			path = Services;
			sourceTree = "<group>";
		};
		FD8E78BF2A84A4B798D1D5B1 /* Views */ = {
			isa = PBXGroup;
			children = (
				4AB029EABEE1AA15245C13A1 /* ActionBarView.swift */,
				8C88D86E33A3DFE89A485C04 /* ArtworkView.swift */,
				CBB7091E3C895578DD240382 /* ControlsView.swift */,
				66A0B3E161769F14410FC54F /* ScoreBrowserView.swift */,
				1B653E5959577FDBD8CA06E5 /* SettingsDrawer.swift */,
				07B1910C5EDC540EBCC40288 /* TrackInfoView.swift */,
			);
			path = Views;
			sourceTree = "<group>";
		};
		FF71ECC05B718AE7C7AB3156 /* tinyPLAYER */ = {
			isa = PBXGroup;
			children = (
				C681EAB3BF2F36C4FD961FBD /* Model */,
				D4AEC3E6F4056B7BB9D051C7 /* Services */,
				19BD087957228390C7A0C2C2 /* Shared */,
				BA2964BC7133AB3F3E81B293 /* Theme */,
				FD8E78BF2A84A4B798D1D5B1 /* Views */,
				383A965060B08133BC70F2B7 /* Windows */,
				32C69D800C3E306B02C19150 /* Info.plist */,
				B15C1BEA94CDCC85ACA3AFC5 /* tinyPLAYERApp.swift */,
			);
			path = tinyPLAYER;
			sourceTree = "<group>";
		};
/* End PBXGroup section */

/* Begin PBXNativeTarget section */
		1C0C4AF8CC1C253883451085 /* tinyPLAYER */ = {
			isa = PBXNativeTarget;
			buildConfigurationList = 16CCDDB0424BCCF38C59F1D9 /* Build configuration list for PBXNativeTarget "tinyPLAYER" */;
			buildPhases = (
				180A3342C9462E368FA1E7A9 /* Sources */,
			);
			buildRules = (
			);
			dependencies = (
			);
			name = tinyPLAYER;
			packageProductDependencies = (
			);
			productName = tinyPLAYER;
			productReference = A8BC033F398381814432C3F6 /* tinyPLAYER.app */;
			productType = "com.apple.product-type.application";
		};
		8767093E73B81FDEB8A07646 /* tinyPLAYERTests */ = {
			isa = PBXNativeTarget;
			buildConfigurationList = DB3C4C911FF7E71846A9100D /* Build configuration list for PBXNativeTarget "tinyPLAYERTests" */;
			buildPhases = (
				9C7F4A5221F298672872898E /* Sources */,
			);
			buildRules = (
			);
			dependencies = (
				C896B28A3A54C7639D0C3E5F /* PBXTargetDependency */,
			);
			name = tinyPLAYERTests;
			packageProductDependencies = (
			);
			productName = tinyPLAYERTests;
			productReference = C79B423769EE9A91B95F7FD5 /* tinyPLAYERTests.xctest */;
			productType = "com.apple.product-type.bundle.unit-test";
		};
/* End PBXNativeTarget section */

/* Begin PBXProject section */
		422ED470465EF17B72D02D65 /* Project object */ = {
			isa = PBXProject;
			attributes = {
				BuildIndependentTargetsInParallel = YES;
				LastUpgradeCheck = 1600;
				TargetAttributes = {
					1C0C4AF8CC1C253883451085 = {
						DevelopmentTeam = "";
					};
					8767093E73B81FDEB8A07646 = {
						DevelopmentTeam = "";
					};
				};
			};
			buildConfigurationList = 7653B26D8BEDDEB5CDC5E623 /* Build configuration list for PBXProject "tinyPLAYER" */;
			developmentRegion = en;
			hasScannedForEncodings = 0;
			knownRegions = (
				Base,
				en,
			);
			mainGroup = 5D511FC87DF9B0C26B3F7746;
			minimizedProjectReferenceProxies = 1;
			preferredProjectObjectVersion = 77;
			productRefGroup = 5ECCD15E7F752EBD60A6B365 /* Products */;
			projectDirPath = "";
			projectRoot = "";
			targets = (
				1C0C4AF8CC1C253883451085 /* tinyPLAYER */,
				8767093E73B81FDEB8A07646 /* tinyPLAYERTests */,
			);
		};
/* End PBXProject section */

/* Begin PBXSourcesBuildPhase section */
		180A3342C9462E368FA1E7A9 /* Sources */ = {
			isa = PBXSourcesBuildPhase;
			buildActionMask = 2147483647;
			files = (
				7B4F2B170ED315CE8471DEC0 /* ActionBarView.swift in Sources */,
				CFF4C7AC26B212FD73C03455 /* AppTheme.swift in Sources */,
				2FB9A2DE7BBC45868F4692CF /* AppleScriptBridge.swift in Sources */,
				FC15738B8BE97CD18F11C764 /* ArtworkView.swift in Sources */,
				692609796E35BC55ABAA6F0C /* Color+Hex.swift in Sources */,
				8C3B3100C0C806C4784F9CC3 /* ControlsView.swift in Sources */,
				6525B91FA7C752C18EC6ECB8 /* FloatingPanel.swift in Sources */,
				0CB7DB73C8D970B443D0D11E /* GreekGrade.swift in Sources */,
				7374931C8B8E86B676F94F9E /* MusicService.swift in Sources */,
				197A671DD8C0C2BFC69AFF83 /* MusicServiceProtocol.swift in Sources */,
				E7D9FE543A59C511D37B6C93 /* Palettes.swift in Sources */,
				55941B1F3399DDB71A07C1C5 /* RadioService.swift in Sources */,
				CDBF6610A9EED4BC4ADFEAEE /* ScoreBrowserView.swift in Sources */,
				20021C03B87EB096D211DFD9 /* ScoreStore.swift in Sources */,
				287FD6513BA81DC29B2A9D8B /* SettingsDrawer.swift in Sources */,
				3F59583FE38A9E61BC685DF5 /* SharingService.swift in Sources */,
				101081C31C05E0110D486B06 /* SongIdentity.swift in Sources */,
				745E052B06E311FB95CF498F /* ThemeManager.swift in Sources */,
				670369ADEEE6BF5FFC031463 /* TrackInfoView.swift in Sources */,
				3A320766DBB353DD35862A73 /* WindowManager.swift in Sources */,
				1869965067A85955379EB184 /* WindowMode.swift in Sources */,
				1464DE2D83D4BE8A25E06448 /* tinyPLAYER.xcdatamodeld in Sources */,
				4F7B6496D4A61ADCAEFB649B /* tinyPLAYERApp.swift in Sources */,
			);
			runOnlyForDeploymentPostprocessing = 0;
		};
		9C7F4A5221F298672872898E /* Sources */ = {
			isa = PBXSourcesBuildPhase;
			buildActionMask = 2147483647;
			files = (
				93CB9B8C0DA5103C2DA782A6 /* ActionBarViewTests.swift in Sources */,
				9E6B2824498BAAC5117E306E /* AppleScriptBridgeTests.swift in Sources */,
				77EFA25F48FF83DB0BCF0018 /* ColorHexTests.swift in Sources */,
				B3DA0E5BC160AF2CEE126F9D /* ControlsViewTests.swift in Sources */,
				C40CF44D7B68EBF2C6845AA9 /* GreekGradeTests.swift in Sources */,
				AE29277FA7CEF2AB28A70D61 /* MockMusicService.swift in Sources */,
				3F82573AF55D8D3EB58EB758 /* MockMusicServiceTests.swift in Sources */,
				0C98568902F76FF04073665E /* RadioServiceTests.swift in Sources */,
				A4218F2D57AE032653F0F06D /* ScoreBrowserViewTests.swift in Sources */,
				050FDB14CAD5594A5BE6B738 /* ScoreStoreTests.swift in Sources */,
				AEC9B4698F4171AE9D724BF2 /* SharingServiceTests.swift in Sources */,
				098B490462B8B618369FE64F /* ThemeManagerTests.swift in Sources */,
				6B4C68F58FBB0014727CC0A3 /* WindowManagerTests.swift in Sources */,
				93050F2F9F61D736A158A3DC /* tinyPLAYERTests.swift in Sources */,
			);
			runOnlyForDeploymentPostprocessing = 0;
		};
/* End PBXSourcesBuildPhase section */

/* Begin PBXTargetDependency section */
		C896B28A3A54C7639D0C3E5F /* PBXTargetDependency */ = {
			isa = PBXTargetDependency;
			target = 1C0C4AF8CC1C253883451085 /* tinyPLAYER */;
			targetProxy = D25EA46C8956250D18DBEB06 /* PBXContainerItemProxy */;
		};
/* End PBXTargetDependency section */

/* Begin XCBuildConfiguration section */
		179E328D810475AA38D03089 /* Release */ = {
			isa = XCBuildConfiguration;
			buildSettings = {
				ALWAYS_SEARCH_USER_PATHS = NO;
				CLANG_ANALYZER_NONNULL = YES;
				CLANG_ANALYZER_NUMBER_OBJECT_CONVERSION = YES_AGGRESSIVE;
				CLANG_CXX_LANGUAGE_STANDARD = "gnu++14";
				CLANG_CXX_LIBRARY = "libc++";
				CLANG_ENABLE_MODULES = YES;
				CLANG_ENABLE_OBJC_ARC = YES;
				CLANG_ENABLE_OBJC_WEAK = YES;
				CLANG_WARN_BLOCK_CAPTURE_AUTORELEASING = YES;
				CLANG_WARN_BOOL_CONVERSION = YES;
				CLANG_WARN_COMMA = YES;
				CLANG_WARN_CONSTANT_CONVERSION = YES;
				CLANG_WARN_DEPRECATED_OBJC_IMPLEMENTATIONS = YES;
				CLANG_WARN_DIRECT_OBJC_ISA_USAGE = YES_ERROR;
				CLANG_WARN_DOCUMENTATION_COMMENTS = YES;
				CLANG_WARN_EMPTY_BODY = YES;
				CLANG_WARN_ENUM_CONVERSION = YES;
				CLANG_WARN_INFINITE_RECURSION = YES;
				CLANG_WARN_INT_CONVERSION = YES;
				CLANG_WARN_NON_LITERAL_NULL_CONVERSION = YES;
				CLANG_WARN_OBJC_IMPLICIT_RETAIN_SELF = YES;
				CLANG_WARN_OBJC_LITERAL_CONVERSION = YES;
				CLANG_WARN_OBJC_ROOT_CLASS = YES_ERROR;
				CLANG_WARN_QUOTED_INCLUDE_IN_FRAMEWORK_HEADER = YES;
				CLANG_WARN_RANGE_LOOP_ANALYSIS = YES;
				CLANG_WARN_STRICT_PROTOTYPES = YES;
				CLANG_WARN_SUSPICIOUS_MOVE = YES;
				CLANG_WARN_UNGUARDED_AVAILABILITY = YES_AGGRESSIVE;
				CLANG_WARN_UNREACHABLE_CODE = YES;
				CLANG_WARN__DUPLICATE_METHOD_MATCH = YES;
				COPY_PHASE_STRIP = NO;
				DEBUG_INFORMATION_FORMAT = "dwarf-with-dsym";
				ENABLE_NS_ASSERTIONS = NO;
				ENABLE_STRICT_OBJC_MSGSEND = YES;
				GCC_C_LANGUAGE_STANDARD = gnu11;
				GCC_NO_COMMON_BLOCKS = YES;
				GCC_WARN_64_TO_32_BIT_CONVERSION = YES;
				GCC_WARN_ABOUT_RETURN_TYPE = YES_ERROR;
				GCC_WARN_UNDECLARED_SELECTOR = YES;
				GCC_WARN_UNINITIALIZED_AUTOS = YES_AGGRESSIVE;
				GCC_WARN_UNUSED_FUNCTION = YES;
				GCC_WARN_UNUSED_VARIABLE = YES;
				MACOSX_DEPLOYMENT_TARGET = 14.0;
				MTL_ENABLE_DEBUG_INFO = NO;
				MTL_FAST_MATH = YES;
				PRODUCT_NAME = "$(TARGET_NAME)";
				SDKROOT = macosx;
				SWIFT_COMPILATION_MODE = wholemodule;
				SWIFT_OPTIMIZATION_LEVEL = "-O";
				SWIFT_VERSION = 5.10;
			};
			name = Release;
		};
		4544A1EC085F4FCDB7CB4F84 /* Release */ = {
			isa = XCBuildConfiguration;
			buildSettings = {
				ASSETCATALOG_COMPILER_APPICON_NAME = AppIcon;
				CODE_SIGNING_ALLOWED = NO;
				CODE_SIGNING_REQUIRED = NO;
				CODE_SIGN_ENTITLEMENTS = tinyPLAYER/tinyPLAYER.entitlements;
				CODE_SIGN_IDENTITY = "";
				COMBINE_HIDPI_IMAGES = YES;
				DEVELOPMENT_TEAM = "";
				ENABLE_PREVIEWS = YES;
				INFOPLIST_FILE = tinyPLAYER/Info.plist;
				LD_RUNPATH_SEARCH_PATHS = (
					"$(inherited)",
					"@executable_path/../Frameworks",
				);
				MACOSX_DEPLOYMENT_TARGET = 14.0;
				PRODUCT_BUNDLE_IDENTIFIER = com.tinyplayer.tinyPLAYER;
				SDKROOT = macosx;
				SWIFT_VERSION = 5.10;
			};
			name = Release;
		};
		59A9F0576DE1CFD826BAB03C /* Release */ = {
			isa = XCBuildConfiguration;
			buildSettings = {
				BUNDLE_LOADER = "$(TEST_HOST)";
				CODE_SIGNING_REQUIRED = NO;
				CODE_SIGN_IDENTITY = "";
				COMBINE_HIDPI_IMAGES = YES;
				DEVELOPMENT_TEAM = "";
				LD_RUNPATH_SEARCH_PATHS = (
					"$(inherited)",
					"@executable_path/../Frameworks",
					"@loader_path/../Frameworks",
				);
				MACOSX_DEPLOYMENT_TARGET = 14.0;
				PRODUCT_BUNDLE_IDENTIFIER = com.tinyplayer.tinyPLAYERTests;
				SDKROOT = macosx;
				SWIFT_VERSION = 5.10;
				TEST_HOST = "$(BUILT_PRODUCTS_DIR)/tinyPLAYER.app/Contents/MacOS/tinyPLAYER";
			};
			name = Release;
		};
		6716C6E5A637FA76BA1678F1 /* Debug */ = {
			isa = XCBuildConfiguration;
			buildSettings = {
				ASSETCATALOG_COMPILER_APPICON_NAME = AppIcon;
				CODE_SIGNING_ALLOWED = NO;
				CODE_SIGNING_REQUIRED = NO;
				CODE_SIGN_ENTITLEMENTS = tinyPLAYER/tinyPLAYER.entitlements;
				CODE_SIGN_IDENTITY = "";
				COMBINE_HIDPI_IMAGES = YES;
				DEVELOPMENT_TEAM = "";
				ENABLE_PREVIEWS = YES;
				INFOPLIST_FILE = tinyPLAYER/Info.plist;
				LD_RUNPATH_SEARCH_PATHS = (
					"$(inherited)",
					"@executable_path/../Frameworks",
				);
				MACOSX_DEPLOYMENT_TARGET = 14.0;
				PRODUCT_BUNDLE_IDENTIFIER = com.tinyplayer.tinyPLAYER;
				SDKROOT = macosx;
				SWIFT_VERSION = 5.10;
			};
			name = Debug;
		};
		901997ADA0357F1FAE97DF5A /* Debug */ = {
			isa = XCBuildConfiguration;
			buildSettings = {
				BUNDLE_LOADER = "$(TEST_HOST)";
				CODE_SIGNING_REQUIRED = NO;
				CODE_SIGN_IDENTITY = "";
				COMBINE_HIDPI_IMAGES = YES;
				DEVELOPMENT_TEAM = "";
				LD_RUNPATH_SEARCH_PATHS = (
					"$(inherited)",
					"@executable_path/../Frameworks",
					"@loader_path/../Frameworks",
				);
				MACOSX_DEPLOYMENT_TARGET = 14.0;
				PRODUCT_BUNDLE_IDENTIFIER = com.tinyplayer.tinyPLAYERTests;
				SDKROOT = macosx;
				SWIFT_VERSION = 5.10;
				TEST_HOST = "$(BUILT_PRODUCTS_DIR)/tinyPLAYER.app/Contents/MacOS/tinyPLAYER";
			};
			name = Debug;
		};
		DE00B2BCD5C7FD5FA3503F9C /* Debug */ = {
			isa = XCBuildConfiguration;
			buildSettings = {
				ALWAYS_SEARCH_USER_PATHS = NO;
				CLANG_ANALYZER_NONNULL = YES;
				CLANG_ANALYZER_NUMBER_OBJECT_CONVERSION = YES_AGGRESSIVE;
				CLANG_CXX_LANGUAGE_STANDARD = "gnu++14";
				CLANG_CXX_LIBRARY = "libc++";
				CLANG_ENABLE_MODULES = YES;
				CLANG_ENABLE_OBJC_ARC = YES;
				CLANG_ENABLE_OBJC_WEAK = YES;
				CLANG_WARN_BLOCK_CAPTURE_AUTORELEASING = YES;
				CLANG_WARN_BOOL_CONVERSION = YES;
				CLANG_WARN_COMMA = YES;
				CLANG_WARN_CONSTANT_CONVERSION = YES;
				CLANG_WARN_DEPRECATED_OBJC_IMPLEMENTATIONS = YES;
				CLANG_WARN_DIRECT_OBJC_ISA_USAGE = YES_ERROR;
				CLANG_WARN_DOCUMENTATION_COMMENTS = YES;
				CLANG_WARN_EMPTY_BODY = YES;
				CLANG_WARN_ENUM_CONVERSION = YES;
				CLANG_WARN_INFINITE_RECURSION = YES;
				CLANG_WARN_INT_CONVERSION = YES;
				CLANG_WARN_NON_LITERAL_NULL_CONVERSION = YES;
				CLANG_WARN_OBJC_IMPLICIT_RETAIN_SELF = YES;
				CLANG_WARN_OBJC_LITERAL_CONVERSION = YES;
				CLANG_WARN_OBJC_ROOT_CLASS = YES_ERROR;
				CLANG_WARN_QUOTED_INCLUDE_IN_FRAMEWORK_HEADER = YES;
				CLANG_WARN_RANGE_LOOP_ANALYSIS = YES;
				CLANG_WARN_STRICT_PROTOTYPES = YES;
				CLANG_WARN_SUSPICIOUS_MOVE = YES;
				CLANG_WARN_UNGUARDED_AVAILABILITY = YES_AGGRESSIVE;
				CLANG_WARN_UNREACHABLE_CODE = YES;
				CLANG_WARN__DUPLICATE_METHOD_MATCH = YES;
				COPY_PHASE_STRIP = NO;
				DEBUG_INFORMATION_FORMAT = dwarf;
				ENABLE_STRICT_OBJC_MSGSEND = YES;
				ENABLE_TESTABILITY = YES;
				GCC_C_LANGUAGE_STANDARD = gnu11;
				GCC_DYNAMIC_NO_PIC = NO;
				GCC_NO_COMMON_BLOCKS = YES;
				GCC_OPTIMIZATION_LEVEL = 0;
				GCC_PREPROCESSOR_DEFINITIONS = (
					"$(inherited)",
					"DEBUG=1",
				);
				GCC_WARN_64_TO_32_BIT_CONVERSION = YES;
				GCC_WARN_ABOUT_RETURN_TYPE = YES_ERROR;
				GCC_WARN_UNDECLARED_SELECTOR = YES;
				GCC_WARN_UNINITIALIZED_AUTOS = YES_AGGRESSIVE;
				GCC_WARN_UNUSED_FUNCTION = YES;
				GCC_WARN_UNUSED_VARIABLE = YES;
				MACOSX_DEPLOYMENT_TARGET = 14.0;
				MTL_ENABLE_DEBUG_INFO = INCLUDE_SOURCE;
				MTL_FAST_MATH = YES;
				ONLY_ACTIVE_ARCH = YES;
				PRODUCT_NAME = "$(TARGET_NAME)";
				SDKROOT = macosx;
				SWIFT_ACTIVE_COMPILATION_CONDITIONS = DEBUG;
				SWIFT_OPTIMIZATION_LEVEL = "-Onone";
				SWIFT_VERSION = 5.10;
			};
			name = Debug;
		};
/* End XCBuildConfiguration section */

/* Begin XCConfigurationList section */
		16CCDDB0424BCCF38C59F1D9 /* Build configuration list for PBXNativeTarget "tinyPLAYER" */ = {
			isa = XCConfigurationList;
			buildConfigurations = (
				6716C6E5A637FA76BA1678F1 /* Debug */,
				4544A1EC085F4FCDB7CB4F84 /* Release */,
			);
			defaultConfigurationIsVisible = 0;
			defaultConfigurationName = Debug;
		};
		7653B26D8BEDDEB5CDC5E623 /* Build configuration list for PBXProject "tinyPLAYER" */ = {
			isa = XCConfigurationList;
			buildConfigurations = (
				DE00B2BCD5C7FD5FA3503F9C /* Debug */,
				179E328D810475AA38D03089 /* Release */,
			);
			defaultConfigurationIsVisible = 0;
			defaultConfigurationName = Debug;
		};
		DB3C4C911FF7E71846A9100D /* Build configuration list for PBXNativeTarget "tinyPLAYERTests" */ = {
			isa = XCConfigurationList;
			buildConfigurations = (
				901997ADA0357F1FAE97DF5A /* Debug */,
				59A9F0576DE1CFD826BAB03C /* Release */,
			);
			defaultConfigurationIsVisible = 0;
			defaultConfigurationName = Debug;
		};
/* End XCConfigurationList section */

/* Begin XCVersionGroup section */
		856968B170E1D220A7F81945 /* tinyPLAYER.xcdatamodeld */ = {
			isa = XCVersionGroup;
			children = (
				7A7018CED0506A8820A3B5AB /* tinyPLAYER.xcdatamodel */,
			);
			currentVersion = 7A7018CED0506A8820A3B5AB /* tinyPLAYER.xcdatamodel */;
			path = tinyPLAYER.xcdatamodeld;
			sourceTree = "<group>";
			versionGroupType = wrapper.xcdatamodel;
		};
/* End XCVersionGroup section */
	};
	rootObject = 422ED470465EF17B72D02D65 /* Project object */;
}
